
Microsoft Visual Studio Solution File, Format Version 12.00
# Visual Studio 15
VisualStudioVersion = 15.0.26430.12
MinimumVisualStudioVersion = 10.0.40219.1
Project("{FAE04EC0-301F-11D3-BF4B-00C04F79EFBC}") = "MySuperOrders.Android", "MySuperOrders\MySuperOrders.Android\MySuperOrders.Android.csproj", "{EB594B47-9559-4728-8DB6-12B91A90E5E8}"
EndProject
Project("{FAE04EC0-301F-11D3-BF4B-00C04F79EFBC}") = "MySuperOrders", "MySuperOrders\MySuperOrders\MySuperOrders.csproj", "{688A2E0F-53BF-4A96-9581-B3184B82B1D1}"
EndProject
Project("{FAE04EC0-301F-11D3-BF4B-00C04F79EFBC}") = "MySuperOrders.UWP", "MySuperOrders\MySuperOrders.UWP\MySuperOrders.UWP.csproj", "{C518AC76-E3F2-43D1-A160-4CEB4B3A747C}"
EndProject
Project("{FAE04EC0-301F-11D3-BF4B-00C04F79EFBC}") = "MySuperOrders.iOS", "MySuperOrders\MySuperOrders.iOS\MySuperOrders.iOS.csproj", "{B3FAF611-74E5-4BF6-87B7-07219F3FABB6}"
EndProject
Global
	GlobalSection(SolutionConfigurationPlatforms) = preSolution
		Ad-Hoc|Any CPU = Ad-Hoc|Any CPU
		Ad-Hoc|ARM = Ad-Hoc|ARM
		Ad-Hoc|iPhone = Ad-Hoc|iPhone
		Ad-Hoc|iPhoneSimulator = Ad-Hoc|iPhoneSimulator
		Ad-Hoc|x64 = Ad-Hoc|x64
		Ad-Hoc|x86 = Ad-Hoc|x86
		AppStore|Any CPU = AppStore|Any CPU
		AppStore|ARM = AppStore|ARM
		AppStore|iPhone = AppStore|iPhone
		AppStore|iPhoneSimulator = AppStore|iPhoneSimulator
		AppStore|x64 = AppStore|x64
		AppStore|x86 = AppStore|x86
		Debug|Any CPU = Debug|Any CPU
		Debug|ARM = Debug|ARM
		Debug|iPhone = Debug|iPhone
		Debug|iPhoneSimulator = Debug|iPhoneSimulator
		Debug|x64 = Debug|x64
		Debug|x86 = Debug|x86
		Release|Any CPU = Release|Any CPU
		Release|ARM = Release|ARM
		Release|iPhone = Release|iPhone
		Release|iPhoneSimulator = Release|iPhoneSimulator
		Release|x64 = Release|x64
		Release|x86 = Release|x86
	EndGlobalSection
	GlobalSection(ProjectConfigurationPlatforms) = postSolution
		{EB594B47-9559-4728-8DB6-12B91A90E5E8}.Ad-Hoc|Any CPU.ActiveCfg = Release|Any CPU
		{EB594B47-9559-4728-8DB6-12B91A90E5E8}.Ad-Hoc|Any CPU.Build.0 = Release|Any CPU
		{EB594B47-9559-4728-8DB6-12B91A90E5E8}.Ad-Hoc|Any CPU.Deploy.0 = Release|Any CPU
		{EB594B47-9559-4728-8DB6-12B91A90E5E8}.Ad-Hoc|ARM.ActiveCfg = Release|Any CPU
		{EB594B47-9559-4728-8DB6-12B91A90E5E8}.Ad-Hoc|ARM.Build.0 = Release|Any CPU
		{EB594B47-9559-4728-8DB6-12B91A90E5E8}.Ad-Hoc|ARM.Deploy.0 = Release|Any CPU
		{EB594B47-9559-4728-8DB6-12B91A90E5E8}.Ad-Hoc|iPhone.ActiveCfg = Release|Any CPU
		{EB594B47-9559-4728-8DB6-12B91A90E5E8}.Ad-Hoc|iPhone.Build.0 = Release|Any CPU
		{EB594B47-9559-4728-8DB6-12B91A90E5E8}.Ad-Hoc|iPhone.Deploy.0 = Release|Any CPU
		{EB594B47-9559-4728-8DB6-12B91A90E5E8}.Ad-Hoc|iPhoneSimulator.ActiveCfg = Release|Any CPU
		{EB594B47-9559-4728-8DB6-12B91A90E5E8}.Ad-Hoc|iPhoneSimulator.Build.0 = Release|Any CPU
		{EB594B47-9559-4728-8DB6-12B91A90E5E8}.Ad-Hoc|iPhoneSimulator.Deploy.0 = Release|Any CPU
		{EB594B47-9559-4728-8DB6-12B91A90E5E8}.Ad-Hoc|x64.ActiveCfg = Release|Any CPU
		{EB594B47-9559-4728-8DB6-12B91A90E5E8}.Ad-Hoc|x64.Build.0 = Release|Any CPU
		{EB594B47-9559-4728-8DB6-12B91A90E5E8}.Ad-Hoc|x64.Deploy.0 = Release|Any CPU
		{EB594B47-9559-4728-8DB6-12B91A90E5E8}.Ad-Hoc|x86.ActiveCfg = Release|Any CPU
		{EB594B47-9559-4728-8DB6-12B91A90E5E8}.Ad-Hoc|x86.Build.0 = Release|Any CPU
		{EB594B47-9559-4728-8DB6-12B91A90E5E8}.Ad-Hoc|x86.Deploy.0 = Release|Any CPU
		{EB594B47-9559-4728-8DB6-12B91A90E5E8}.AppStore|Any CPU.ActiveCfg = Release|Any CPU
		{EB594B47-9559-4728-8DB6-12B91A90E5E8}.AppStore|Any CPU.Build.0 = Release|Any CPU
		{EB594B47-9559-4728-8DB6-12B91A90E5E8}.AppStore|Any CPU.Deploy.0 = Release|Any CPU
		{EB594B47-9559-4728-8DB6-12B91A90E5E8}.AppStore|ARM.ActiveCfg = Release|Any CPU
		{EB594B47-9559-4728-8DB6-12B91A90E5E8}.AppStore|ARM.Build.0 = Release|Any CPU
		{EB594B47-9559-4728-8DB6-12B91A90E5E8}.AppStore|ARM.Deploy.0 = Release|Any CPU
		{EB594B47-9559-4728-8DB6-12B91A90E5E8}.AppStore|iPhone.ActiveCfg = Release|Any CPU
		{EB594B47-9559-4728-8DB6-12B91A90E5E8}.AppStore|iPhone.Build.0 = Release|Any CPU
		{EB594B47-9559-4728-8DB6-12B91A90E5E8}.AppStore|iPhone.Deploy.0 = Release|Any CPU
		{EB594B47-9559-4728-8DB6-12B91A90E5E8}.AppStore|iPhoneSimulator.ActiveCfg = Release|Any CPU
		{EB594B47-9559-4728-8DB6-12B91A90E5E8}.AppStore|iPhoneSimulator.Build.0 = Release|Any CPU
		{EB594B47-9559-4728-8DB6-12B91A90E5E8}.AppStore|iPhoneSimulator.Deploy.0 = Release|Any CPU
		{EB594B47-9559-4728-8DB6-12B91A90E5E8}.AppStore|x64.ActiveCfg = Release|Any CPU
		{EB594B47-9559-4728-8DB6-12B91A90E5E8}.AppStore|x64.Build.0 = Release|Any CPU
		{EB594B47-9559-4728-8DB6-12B91A90E5E8}.AppStore|x64.Deploy.0 = Release|Any CPU
		{EB594B47-9559-4728-8DB6-12B91A90E5E8}.AppStore|x86.ActiveCfg = Release|Any CPU
		{EB594B47-9559-4728-8DB6-12B91A90E5E8}.AppStore|x86.Build.0 = Release|Any CPU
		{EB594B47-9559-4728-8DB6-12B91A90E5E8}.AppStore|x86.Deploy.0 = Release|Any CPU
		{EB594B47-9559-4728-8DB6-12B91A90E5E8}.Debug|Any CPU.ActiveCfg = Debug|Any CPU
		{EB594B47-9559-4728-8DB6-12B91A90E5E8}.Debug|Any CPU.Build.0 = Debug|Any CPU
		{EB594B47-9559-4728-8DB6-12B91A90E5E8}.Debug|Any CPU.Deploy.0 = Debug|Any CPU
		{EB594B47-9559-4728-8DB6-12B91A90E5E8}.Debug|ARM.ActiveCfg = Debug|Any CPU
		{EB594B47-9559-4728-8DB6-12B91A90E5E8}.Debug|ARM.Build.0 = Debug|Any CPU
		{EB594B47-9559-4728-8DB6-12B91A90E5E8}.Debug|ARM.Deploy.0 = Debug|Any CPU
		{EB594B47-9559-4728-8DB6-12B91A90E5E8}.Debug|iPhone.ActiveCfg = Debug|Any CPU
		{EB594B47-9559-4728-8DB6-12B91A90E5E8}.Debug|iPhone.Build.0 = Debug|Any CPU
		{EB594B47-9559-4728-8DB6-12B91A90E5E8}.Debug|iPhone.Deploy.0 = Debug|Any CPU
		{EB594B47-9559-4728-8DB6-12B91A90E5E8}.Debug|iPhoneSimulator.ActiveCfg = Debug|Any CPU
		{EB594B47-9559-4728-8DB6-12B91A90E5E8}.Debug|iPhoneSimulator.Build.0 = Debug|Any CPU
		{EB594B47-9559-4728-8DB6-12B91A90E5E8}.Debug|iPhoneSimulator.Deploy.0 = Debug|Any CPU
		{EB594B47-9559-4728-8DB6-12B91A90E5E8}.Debug|x64.ActiveCfg = Debug|Any CPU
		{EB594B47-9559-4728-8DB6-12B91A90E5E8}.Debug|x64.Build.0 = Debug|Any CPU
		{EB594B47-9559-4728-8DB6-12B91A90E5E8}.Debug|x64.Deploy.0 = Debug|Any CPU
		{EB594B47-9559-4728-8DB6-12B91A90E5E8}.Debug|x86.ActiveCfg = Debug|Any CPU
		{EB594B47-9559-4728-8DB6-12B91A90E5E8}.Debug|x86.Build.0 = Debug|Any CPU
		{EB594B47-9559-4728-8DB6-12B91A90E5E8}.Debug|x86.Deploy.0 = Debug|Any CPU
		{EB594B47-9559-4728-8DB6-12B91A90E5E8}.Release|Any CPU.ActiveCfg = Release|Any CPU
		{EB594B47-9559-4728-8DB6-12B91A90E5E8}.Release|Any CPU.Build.0 = Release|Any CPU
		{EB594B47-9559-4728-8DB6-12B91A90E5E8}.Release|Any CPU.Deploy.0 = Release|Any CPU
		{EB594B47-9559-4728-8DB6-12B91A90E5E8}.Release|ARM.ActiveCfg = Release|Any CPU
		{EB594B47-9559-4728-8DB6-12B91A90E5E8}.Release|ARM.Build.0 = Release|Any CPU
		{EB594B47-9559-4728-8DB6-12B91A90E5E8}.Release|ARM.Deploy.0 = Release|Any CPU
		{EB594B47-9559-4728-8DB6-12B91A90E5E8}.Release|iPhone.ActiveCfg = Release|Any CPU
		{EB594B47-9559-4728-8DB6-12B91A90E5E8}.Release|iPhone.Build.0 = Release|Any CPU
		{EB594B47-9559-4728-8DB6-12B91A90E5E8}.Release|iPhone.Deploy.0 = Release|Any CPU
		{EB594B47-9559-4728-8DB6-12B91A90E5E8}.Release|iPhoneSimulator.ActiveCfg = Release|Any CPU
		{EB594B47-9559-4728-8DB6-12B91A90E5E8}.Release|iPhoneSimulator.Build.0 = Release|Any CPU
		{EB594B47-9559-4728-8DB6-12B91A90E5E8}.Release|iPhoneSimulator.Deploy.0 = Release|Any CPU
		{EB594B47-9559-4728-8DB6-12B91A90E5E8}.Release|x64.ActiveCfg = Release|Any CPU
		{EB594B47-9559-4728-8DB6-12B91A90E5E8}.Release|x64.Build.0 = Release|Any CPU
		{EB594B47-9559-4728-8DB6-12B91A90E5E8}.Release|x64.Deploy.0 = Release|Any CPU
		{EB594B47-9559-4728-8DB6-12B91A90E5E8}.Release|x86.ActiveCfg = Release|Any CPU
		{EB594B47-9559-4728-8DB6-12B91A90E5E8}.Release|x86.Build.0 = Release|Any CPU
		{EB594B47-9559-4728-8DB6-12B91A90E5E8}.Release|x86.Deploy.0 = Release|Any CPU
		{688A2E0F-53BF-4A96-9581-B3184B82B1D1}.Ad-Hoc|Any CPU.ActiveCfg = Release|Any CPU
		{688A2E0F-53BF-4A96-9581-B3184B82B1D1}.Ad-Hoc|Any CPU.Build.0 = Release|Any CPU
		{688A2E0F-53BF-4A96-9581-B3184B82B1D1}.Ad-Hoc|ARM.ActiveCfg = Release|Any CPU
		{688A2E0F-53BF-4A96-9581-B3184B82B1D1}.Ad-Hoc|ARM.Build.0 = Release|Any CPU
		{688A2E0F-53BF-4A96-9581-B3184B82B1D1}.Ad-Hoc|iPhone.ActiveCfg = Release|Any CPU
		{688A2E0F-53BF-4A96-9581-B3184B82B1D1}.Ad-Hoc|iPhone.Build.0 = Release|Any CPU
		{688A2E0F-53BF-4A96-9581-B3184B82B1D1}.Ad-Hoc|iPhoneSimulator.ActiveCfg = Release|Any CPU
		{688A2E0F-53BF-4A96-9581-B3184B82B1D1}.Ad-Hoc|iPhoneSimulator.Build.0 = Release|Any CPU
		{688A2E0F-53BF-4A96-9581-B3184B82B1D1}.Ad-Hoc|x64.ActiveCfg = Release|Any CPU
		{688A2E0F-53BF-4A96-9581-B3184B82B1D1}.Ad-Hoc|x64.Build.0 = Release|Any CPU
		{688A2E0F-53BF-4A96-9581-B3184B82B1D1}.Ad-Hoc|x86.ActiveCfg = Release|Any CPU
		{688A2E0F-53BF-4A96-9581-B3184B82B1D1}.Ad-Hoc|x86.Build.0 = Release|Any CPU
		{688A2E0F-53BF-4A96-9581-B3184B82B1D1}.AppStore|Any CPU.ActiveCfg = Release|Any CPU
		{688A2E0F-53BF-4A96-9581-B3184B82B1D1}.AppStore|Any CPU.Build.0 = Release|Any CPU
		{688A2E0F-53BF-4A96-9581-B3184B82B1D1}.AppStore|ARM.ActiveCfg = Release|Any CPU
		{688A2E0F-53BF-4A96-9581-B3184B82B1D1}.AppStore|ARM.Build.0 = Release|Any CPU
		{688A2E0F-53BF-4A96-9581-B3184B82B1D1}.AppStore|iPhone.ActiveCfg = Release|Any CPU
		{688A2E0F-53BF-4A96-9581-B3184B82B1D1}.AppStore|iPhone.Build.0 = Release|Any CPU
		{688A2E0F-53BF-4A96-9581-B3184B82B1D1}.AppStore|iPhoneSimulator.ActiveCfg = Release|Any CPU
		{688A2E0F-53BF-4A96-9581-B3184B82B1D1}.AppStore|iPhoneSimulator.Build.0 = Release|Any CPU
		{688A2E0F-53BF-4A96-9581-B3184B82B1D1}.AppStore|x64.ActiveCfg = Release|Any CPU
		{688A2E0F-53BF-4A96-9581-B3184B82B1D1}.AppStore|x64.Build.0 = Release|Any CPU
		{688A2E0F-53BF-4A96-9581-B3184B82B1D1}.AppStore|x86.ActiveCfg = Release|Any CPU
		{688A2E0F-53BF-4A96-9581-B3184B82B1D1}.AppStore|x86.Build.0 = Release|Any CPU
		{688A2E0F-53BF-4A96-9581-B3184B82B1D1}.Debug|Any CPU.ActiveCfg = Debug|Any CPU
		{688A2E0F-53BF-4A96-9581-B3184B82B1D1}.Debug|Any CPU.Build.0 = Debug|Any CPU
		{688A2E0F-53BF-4A96-9581-B3184B82B1D1}.Debug|ARM.ActiveCfg = Debug|Any CPU
		{688A2E0F-53BF-4A96-9581-B3184B82B1D1}.Debug|ARM.Build.0 = Debug|Any CPU
		{688A2E0F-53BF-4A96-9581-B3184B82B1D1}.Debug|iPhone.ActiveCfg = Debug|Any CPU
		{688A2E0F-53BF-4A96-9581-B3184B82B1D1}.Debug|iPhone.Build.0 = Debug|Any CPU
		{688A2E0F-53BF-4A96-9581-B3184B82B1D1}.Debug|iPhoneSimulator.ActiveCfg = Debug|Any CPU
		{688A2E0F-53BF-4A96-9581-B3184B82B1D1}.Debug|iPhoneSimulator.Build.0 = Debug|Any CPU
		{688A2E0F-53BF-4A96-9581-B3184B82B1D1}.Debug|x64.ActiveCfg = Debug|Any CPU
		{688A2E0F-53BF-4A96-9581-B3184B82B1D1}.Debug|x64.Build.0 = Debug|Any CPU
		{688A2E0F-53BF-4A96-9581-B3184B82B1D1}.Debug|x86.ActiveCfg = Debug|Any CPU
		{688A2E0F-53BF-4A96-9581-B3184B82B1D1}.Debug|x86.Build.0 = Debug|Any CPU
		{688A2E0F-53BF-4A96-9581-B3184B82B1D1}.Release|Any CPU.ActiveCfg = Release|Any CPU
		{688A2E0F-53BF-4A96-9581-B3184B82B1D1}.Release|Any CPU.Build.0 = Release|Any CPU
		{688A2E0F-53BF-4A96-9581-B3184B82B1D1}.Release|ARM.ActiveCfg = Release|Any CPU
		{688A2E0F-53BF-4A96-9581-B3184B82B1D1}.Release|ARM.Build.0 = Release|Any CPU
		{688A2E0F-53BF-4A96-9581-B3184B82B1D1}.Release|iPhone.ActiveCfg = Release|Any CPU
		{688A2E0F-53BF-4A96-9581-B3184B82B1D1}.Release|iPhone.Build.0 = Release|Any CPU
		{688A2E0F-53BF-4A96-9581-B3184B82B1D1}.Release|iPhoneSimulator.ActiveCfg = Release|Any CPU
		{688A2E0F-53BF-4A96-9581-B3184B82B1D1}.Release|iPhoneSimulator.Build.0 = Release|Any CPU
		{688A2E0F-53BF-4A96-9581-B3184B82B1D1}.Release|x64.ActiveCfg = Release|Any CPU
		{688A2E0F-53BF-4A96-9581-B3184B82B1D1}.Release|x64.Build.0 = Release|Any CPU
		{688A2E0F-53BF-4A96-9581-B3184B82B1D1}.Release|x86.ActiveCfg = Release|Any CPU
		{688A2E0F-53BF-4A96-9581-B3184B82B1D1}.Release|x86.Build.0 = Release|Any CPU
		{C518AC76-E3F2-43D1-A160-4CEB4B3A747C}.Ad-Hoc|Any CPU.ActiveCfg = Release|x86
		{C518AC76-E3F2-43D1-A160-4CEB4B3A747C}.Ad-Hoc|Any CPU.Build.0 = Release|x86
		{C518AC76-E3F2-43D1-A160-4CEB4B3A747C}.Ad-Hoc|Any CPU.Deploy.0 = Release|x86
		{C518AC76-E3F2-43D1-A160-4CEB4B3A747C}.Ad-Hoc|ARM.ActiveCfg = Release|ARM
		{C518AC76-E3F2-43D1-A160-4CEB4B3A747C}.Ad-Hoc|ARM.Build.0 = Release|ARM
		{C518AC76-E3F2-43D1-A160-4CEB4B3A747C}.Ad-Hoc|ARM.Deploy.0 = Release|ARM
		{C518AC76-E3F2-43D1-A160-4CEB4B3A747C}.Ad-Hoc|iPhone.ActiveCfg = Release|x86
		{C518AC76-E3F2-43D1-A160-4CEB4B3A747C}.Ad-Hoc|iPhone.Build.0 = Release|x86
		{C518AC76-E3F2-43D1-A160-4CEB4B3A747C}.Ad-Hoc|iPhone.Deploy.0 = Release|x86
		{C518AC76-E3F2-43D1-A160-4CEB4B3A747C}.Ad-Hoc|iPhoneSimulator.ActiveCfg = Release|x86
		{C518AC76-E3F2-43D1-A160-4CEB4B3A747C}.Ad-Hoc|iPhoneSimulator.Build.0 = Release|x86
		{C518AC76-E3F2-43D1-A160-4CEB4B3A747C}.Ad-Hoc|iPhoneSimulator.Deploy.0 = Release|x86
		{C518AC76-E3F2-43D1-A160-4CEB4B3A747C}.Ad-Hoc|x64.ActiveCfg = Release|x64
		{C518AC76-E3F2-43D1-A160-4CEB4B3A747C}.Ad-Hoc|x64.Build.0 = Release|x64
		{C518AC76-E3F2-43D1-A160-4CEB4B3A747C}.Ad-Hoc|x64.Deploy.0 = Release|x64
		{C518AC76-E3F2-43D1-A160-4CEB4B3A747C}.Ad-Hoc|x86.ActiveCfg = Release|x86
		{C518AC76-E3F2-43D1-A160-4CEB4B3A747C}.Ad-Hoc|x86.Build.0 = Release|x86
		{C518AC76-E3F2-43D1-A160-4CEB4B3A747C}.Ad-Hoc|x86.Deploy.0 = Release|x86
		{C518AC76-E3F2-43D1-A160-4CEB4B3A747C}.AppStore|Any CPU.ActiveCfg = Release|x86
		{C518AC76-E3F2-43D1-A160-4CEB4B3A747C}.AppStore|Any CPU.Build.0 = Release|x86
		{C518AC76-E3F2-43D1-A160-4CEB4B3A747C}.AppStore|Any CPU.Deploy.0 = Release|x86
		{C518AC76-E3F2-43D1-A160-4CEB4B3A747C}.AppStore|ARM.ActiveCfg = Release|ARM
		{C518AC76-E3F2-43D1-A160-4CEB4B3A747C}.AppStore|ARM.Build.0 = Release|ARM
		{C518AC76-E3F2-43D1-A160-4CEB4B3A747C}.AppStore|ARM.Deploy.0 = Release|ARM
		{C518AC76-E3F2-43D1-A160-4CEB4B3A747C}.AppStore|iPhone.ActiveCfg = Release|x86
		{C518AC76-E3F2-43D1-A160-4CEB4B3A747C}.AppStore|iPhone.Build.0 = Release|x86
		{C518AC76-E3F2-43D1-A160-4CEB4B3A747C}.AppStore|iPhone.Deploy.0 = Release|x86
		{C518AC76-E3F2-43D1-A160-4CEB4B3A747C}.AppStore|iPhoneSimulator.ActiveCfg = Release|x86
		{C518AC76-E3F2-43D1-A160-4CEB4B3A747C}.AppStore|iPhoneSimulator.Build.0 = Release|x86
		{C518AC76-E3F2-43D1-A160-4CEB4B3A747C}.AppStore|iPhoneSimulator.Deploy.0 = Release|x86
		{C518AC76-E3F2-43D1-A160-4CEB4B3A747C}.AppStore|x64.ActiveCfg = Release|x64
		{C518AC76-E3F2-43D1-A160-4CEB4B3A747C}.AppStore|x64.Build.0 = Release|x64
		{C518AC76-E3F2-43D1-A160-4CEB4B3A747C}.AppStore|x64.Deploy.0 = Release|x64
		{C518AC76-E3F2-43D1-A160-4CEB4B3A747C}.AppStore|x86.ActiveCfg = Release|x86
		{C518AC76-E3F2-43D1-A160-4CEB4B3A747C}.AppStore|x86.Build.0 = Release|x86
		{C518AC76-E3F2-43D1-A160-4CEB4B3A747C}.AppStore|x86.Deploy.0 = Release|x86
		{C518AC76-E3F2-43D1-A160-4CEB4B3A747C}.Debug|Any CPU.ActiveCfg = Debug|x86
		{C518AC76-E3F2-43D1-A160-4CEB4B3A747C}.Debug|ARM.ActiveCfg = Debug|ARM
		{C518AC76-E3F2-43D1-A160-4CEB4B3A747C}.Debug|ARM.Build.0 = Debug|ARM
		{C518AC76-E3F2-43D1-A160-4CEB4B3A747C}.Debug|ARM.Deploy.0 = Debug|ARM
		{C518AC76-E3F2-43D1-A160-4CEB4B3A747C}.Debug|iPhone.ActiveCfg = Debug|x86
		{C518AC76-E3F2-43D1-A160-4CEB4B3A747C}.Debug|iPhoneSimulator.ActiveCfg = Debug|x86
		{C518AC76-E3F2-43D1-A160-4CEB4B3A747C}.Debug|x64.ActiveCfg = Debug|x64
		{C518AC76-E3F2-43D1-A160-4CEB4B3A747C}.Debug|x64.Build.0 = Debug|x64
		{C518AC76-E3F2-43D1-A160-4CEB4B3A747C}.Debug|x64.Deploy.0 = Debug|x64
		{C518AC76-E3F2-43D1-A160-4CEB4B3A747C}.Debug|x86.ActiveCfg = Debug|x86
		{C518AC76-E3F2-43D1-A160-4CEB4B3A747C}.Debug|x86.Build.0 = Debug|x86
		{C518AC76-E3F2-43D1-A160-4CEB4B3A747C}.Debug|x86.Deploy.0 = Debug|x86
		{C518AC76-E3F2-43D1-A160-4CEB4B3A747C}.Release|Any CPU.ActiveCfg = Release|x86
		{C518AC76-E3F2-43D1-A160-4CEB4B3A747C}.Release|ARM.ActiveCfg = Release|ARM
		{C518AC76-E3F2-43D1-A160-4CEB4B3A747C}.Release|ARM.Build.0 = Release|ARM
		{C518AC76-E3F2-43D1-A160-4CEB4B3A747C}.Release|ARM.Deploy.0 = Release|ARM
		{C518AC76-E3F2-43D1-A160-4CEB4B3A747C}.Release|iPhone.ActiveCfg = Release|x86
		{C518AC76-E3F2-43D1-A160-4CEB4B3A747C}.Release|iPhoneSimulator.ActiveCfg = Release|x86
		{C518AC76-E3F2-43D1-A160-4CEB4B3A747C}.Release|x64.ActiveCfg = Release|x64
		{C518AC76-E3F2-43D1-A160-4CEB4B3A747C}.Release|x64.Build.0 = Release|x64
		{C518AC76-E3F2-43D1-A160-4CEB4B3A747C}.Release|x64.Deploy.0 = Release|x64
		{C518AC76-E3F2-43D1-A160-4CEB4B3A747C}.Release|x86.ActiveCfg = Release|x86
		{C518AC76-E3F2-43D1-A160-4CEB4B3A747C}.Release|x86.Build.0 = Release|x86
		{C518AC76-E3F2-43D1-A160-4CEB4B3A747C}.Release|x86.Deploy.0 = Release|x86
		{B3FAF611-74E5-4BF6-87B7-07219F3FABB6}.Ad-Hoc|Any CPU.ActiveCfg = Ad-Hoc|iPhone
		{B3FAF611-74E5-4BF6-87B7-07219F3FABB6}.Ad-Hoc|ARM.ActiveCfg = Ad-Hoc|iPhone
		{B3FAF611-74E5-4BF6-87B7-07219F3FABB6}.Ad-Hoc|iPhone.ActiveCfg = Ad-Hoc|iPhone
		{B3FAF611-74E5-4BF6-87B7-07219F3FABB6}.Ad-Hoc|iPhone.Build.0 = Ad-Hoc|iPhone
		{B3FAF611-74E5-4BF6-87B7-07219F3FABB6}.Ad-Hoc|iPhoneSimulator.ActiveCfg = Ad-Hoc|iPhoneSimulator
		{B3FAF611-74E5-4BF6-87B7-07219F3FABB6}.Ad-Hoc|iPhoneSimulator.Build.0 = Ad-Hoc|iPhoneSimulator
		{B3FAF611-74E5-4BF6-87B7-07219F3FABB6}.Ad-Hoc|x64.ActiveCfg = Ad-Hoc|iPhone
		{B3FAF611-74E5-4BF6-87B7-07219F3FABB6}.Ad-Hoc|x86.ActiveCfg = Ad-Hoc|iPhone
		{B3FAF611-74E5-4BF6-87B7-07219F3FABB6}.AppStore|Any CPU.ActiveCfg = AppStore|iPhone
		{B3FAF611-74E5-4BF6-87B7-07219F3FABB6}.AppStore|ARM.ActiveCfg = AppStore|iPhone
		{B3FAF611-74E5-4BF6-87B7-07219F3FABB6}.AppStore|iPhone.ActiveCfg = AppStore|iPhone
		{B3FAF611-74E5-4BF6-87B7-07219F3FABB6}.AppStore|iPhone.Build.0 = AppStore|iPhone
		{B3FAF611-74E5-4BF6-87B7-07219F3FABB6}.AppStore|iPhoneSimulator.ActiveCfg = AppStore|iPhoneSimulator
		{B3FAF611-74E5-4BF6-87B7-07219F3FABB6}.AppStore|iPhoneSimulator.Build.0 = AppStore|iPhoneSimulator
		{B3FAF611-74E5-4BF6-87B7-07219F3FABB6}.AppStore|x64.ActiveCfg = AppStore|iPhone
		{B3FAF611-74E5-4BF6-87B7-07219F3FABB6}.AppStore|x86.ActiveCfg = AppStore|iPhone
		{B3FAF611-74E5-4BF6-87B7-07219F3FABB6}.Debug|Any CPU.ActiveCfg = Debug|iPhone
		{B3FAF611-74E5-4BF6-87B7-07219F3FABB6}.Debug|ARM.ActiveCfg = Debug|iPhone
		{B3FAF611-74E5-4BF6-87B7-07219F3FABB6}.Debug|iPhone.ActiveCfg = Debug|iPhone
		{B3FAF611-74E5-4BF6-87B7-07219F3FABB6}.Debug|iPhone.Build.0 = Debug|iPhone
		{B3FAF611-74E5-4BF6-87B7-07219F3FABB6}.Debug|iPhoneSimulator.ActiveCfg = Debug|iPhoneSimulator
		{B3FAF611-74E5-4BF6-87B7-07219F3FABB6}.Debug|iPhoneSimulator.Build.0 = Debug|iPhoneSimulator
		{B3FAF611-74E5-4BF6-87B7-07219F3FABB6}.Debug|x64.ActiveCfg = Debug|iPhone
		{B3FAF611-74E5-4BF6-87B7-07219F3FABB6}.Debug|x86.ActiveCfg = Debug|iPhone
		{B3FAF611-74E5-4BF6-87B7-07219F3FABB6}.Release|Any CPU.ActiveCfg = Release|iPhone
		{B3FAF611-74E5-4BF6-87B7-07219F3FABB6}.Release|ARM.ActiveCfg = Release|iPhone
		{B3FAF611-74E5-4BF6-87B7-07219F3FABB6}.Release|iPhone.ActiveCfg = Release|iPhone
		{B3FAF611-74E5-4BF6-87B7-07219F3FABB6}.Release|iPhone.Build.0 = Release|iPhone
		{B3FAF611-74E5-4BF6-87B7-07219F3FABB6}.Release|iPhoneSimulator.ActiveCfg = Release|iPhoneSimulator
		{B3FAF611-74E5-4BF6-87B7-07219F3FABB6}.Release|iPhoneSimulator.Build.0 = Release|iPhoneSimulator
		{B3FAF611-74E5-4BF6-87B7-07219F3FABB6}.Release|x64.ActiveCfg = Release|iPhone
		{B3FAF611-74E5-4BF6-87B7-07219F3FABB6}.Release|x86.ActiveCfg = Release|iPhone
	EndGlobalSection
	GlobalSection(SolutionProperties) = preSolution
		HideSolutionNode = FALSE
	EndGlobalSection
EndGlobal
